
Microsoft Visual Studio Solution File, Format Version 10.00
# Visual Studio 2008
Project("{FAE04EC0-301F-11D3-BF4B-00C04F79EFBC}") = "AdaCommunicatorPpc", "AdaCommunicatorPpc\AdaCommunicatorPpc.csproj", "{B5087CFB-7508-4333-920B-F003E49DCE11}"
EndProject
Project("{FAE04EC0-301F-11D3-BF4B-00C04F79EFBC}") = "UtilitiesPpc", "UtilitiesPpc\UtilitiesPpc.csproj", "{D8AB685E-867E-47B0-B427-F6866743A0A4}"
EndProject
Global
	GlobalSection(SolutionConfigurationPlatforms) = preSolution
		Debug|Any CPU = Debug|Any CPU
		Debug|Mixed Platforms = Debug|Mixed Platforms
		Debug|Windows Mobile 5.0 Pocket PC SDK (ARMV4I) = Debug|Windows Mobile 5.0 Pocket PC SDK (ARMV4I)
		Release|Any CPU = Release|Any CPU
		Release|Mixed Platforms = Release|Mixed Platforms
		Release|Windows Mobile 5.0 Pocket PC SDK (ARMV4I) = Release|Windows Mobile 5.0 Pocket PC SDK (ARMV4I)
	EndGlobalSection
	GlobalSection(ProjectConfigurationPlatforms) = postSolution
		{B5087CFB-7508-4333-920B-F003E49DCE11}.Debug|Any CPU.ActiveCfg = Debug|Any CPU
		{B5087CFB-7508-4333-920B-F003E49DCE11}.Debug|Any CPU.Build.0 = Debug|Any CPU
		{B5087CFB-7508-4333-920B-F003E49DCE11}.Debug|Any CPU.Deploy.0 = Debug|Any CPU
		{B5087CFB-7508-4333-920B-F003E49DCE11}.Debug|Mixed Platforms.ActiveCfg = Debug|Any CPU
		{B5087CFB-7508-4333-920B-F003E49DCE11}.Debug|Mixed Platforms.Build.0 = Debug|Any CPU
		{B5087CFB-7508-4333-920B-F003E49DCE11}.Debug|Mixed Platforms.Deploy.0 = Debug|Any CPU
		{B5087CFB-7508-4333-920B-F003E49DCE11}.Debug|Windows Mobile 5.0 Pocket PC SDK (ARMV4I).ActiveCfg = Debug|Any CPU
		{B5087CFB-7508-4333-920B-F003E49DCE11}.Release|Any CPU.ActiveCfg = Release|Any CPU
		{B5087CFB-7508-4333-920B-F003E49DCE11}.Release|Any CPU.Build.0 = Release|Any CPU
		{B5087CFB-7508-4333-920B-F003E49DCE11}.Release|Any CPU.Deploy.0 = Release|Any CPU
		{B5087CFB-7508-4333-920B-F003E49DCE11}.Release|Mixed Platforms.ActiveCfg = Release|Any CPU
		{B5087CFB-7508-4333-920B-F003E49DCE11}.Release|Mixed Platforms.Build.0 = Release|Any CPU
		{B5087CFB-7508-4333-920B-F003E49DCE11}.Release|Mixed Platforms.Deploy.0 = Release|Any CPU
		{B5087CFB-7508-4333-920B-F003E49DCE11}.Release|Windows Mobile 5.0 Pocket PC SDK (ARMV4I).ActiveCfg = Release|Any CPU
		{D8AB685E-867E-47B0-B427-F6866743A0A4}.Debug|Any CPU.ActiveCfg = Debug|Any CPU
		{D8AB685E-867E-47B0-B427-F6866743A0A4}.Debug|Any CPU.Build.0 = Debug|Any CPU
		{D8AB685E-867E-47B0-B427-F6866743A0A4}.Debug|Any CPU.Deploy.0 = Debug|Any CPU
		{D8AB685E-867E-47B0-B427-F6866743A0A4}.Debug|Mixed Platforms.ActiveCfg = Debug|Any CPU
		{D8AB685E-867E-47B0-B427-F6866743A0A4}.Debug|Mixed Platforms.Build.0 = Debug|Any CPU
		{D8AB685E-867E-47B0-B427-F6866743A0A4}.Debug|Mixed Platforms.Deploy.0 = Debug|Any CPU
		{D8AB685E-867E-47B0-B427-F6866743A0A4}.Debug|Windows Mobile 5.0 Pocket PC SDK (ARMV4I).ActiveCfg = Debug|Any CPU
		{D8AB685E-867E-47B0-B427-F6866743A0A4}.Release|Any CPU.ActiveCfg = Release|Any CPU
		{D8AB685E-867E-47B0-B427-F6866743A0A4}.Release|Any CPU.Build.0 = Release|Any CPU
		{D8AB685E-867E-47B0-B427-F6866743A0A4}.Release|Any CPU.Deploy.0 = Release|Any CPU
		{D8AB685E-867E-47B0-B427-F6866743A0A4}.Release|Mixed Platforms.ActiveCfg = Release|Any CPU
		{D8AB685E-867E-47B0-B427-F6866743A0A4}.Release|Mixed Platforms.Build.0 = Release|Any CPU
		{D8AB685E-867E-47B0-B427-F6866743A0A4}.Release|Mixed Platforms.Deploy.0 = Release|Any CPU
		{D8AB685E-867E-47B0-B427-F6866743A0A4}.Release|Windows Mobile 5.0 Pocket PC SDK (ARMV4I).ActiveCfg = Release|Any CPU
	EndGlobalSection
	GlobalSection(SolutionProperties) = preSolution
		HideSolutionNode = FALSE
	EndGlobalSection
EndGlobal
